
Microsoft Visual Studio Solution File, Format Version 12.00
# Visual Studio 15
Project("{FAE04EC0-301F-11D3-BF4B-00C04F79EFBC}") = "community-dotnet", "community-dotnet.csproj", "{DB5C806D-3872-4756-A689-5C9370C80171}"
EndProject
Project("{FAE04EC0-301F-11D3-BF4B-00C04F79EFBC}") = "community-dotnet-auth", "..\community-dotnet-auth\community-dotnet-auth.csproj", "{434D7FC1-F3EC-48A6-B439-DA5A7CE1BBF9}"
EndProject
Global
	GlobalSection(SolutionConfigurationPlatforms) = preSolution
		Debug|Any CPU = Debug|Any CPU
		Release|Any CPU = Release|Any CPU
	EndGlobalSection
	GlobalSection(ProjectConfigurationPlatforms) = postSolution
		{DB5C806D-3872-4756-A689-5C9370C80171}.Debug|Any CPU.ActiveCfg = Debug|Any CPU
		{DB5C806D-3872-4756-A689-5C9370C80171}.Debug|Any CPU.Build.0 = Debug|Any CPU
		{DB5C806D-3872-4756-A689-5C9370C80171}.Release|Any CPU.ActiveCfg = Release|Any CPU
		{DB5C806D-3872-4756-A689-5C9370C80171}.Release|Any CPU.Build.0 = Release|Any CPU
		{434D7FC1-F3EC-48A6-B439-DA5A7CE1BBF9}.Debug|Any CPU.ActiveCfg = Debug|Any CPU
		{434D7FC1-F3EC-48A6-B439-DA5A7CE1BBF9}.Debug|Any CPU.Build.0 = Debug|Any CPU
		{434D7FC1-F3EC-48A6-B439-DA5A7CE1BBF9}.Release|Any CPU.ActiveCfg = Release|Any CPU
		{434D7FC1-F3EC-48A6-B439-DA5A7CE1BBF9}.Release|Any CPU.Build.0 = Release|Any CPU
	EndGlobalSection
EndGlobal
